
Microsoft Visual Studio Solution File, Format Version 12.00
# Visual Studio Version 16
VisualStudioVersion = 16.0.31410.357
MinimumVisualStudioVersion = 10.0.40219.1
Project("{FAE04EC0-301F-11D3-BF4B-00C04F79EFBC}") = "termProject", "termProject\termProject.csproj", "{07104520-3F54-4D0B-A055-74EFF702E62D}"
EndProject
Global
	GlobalSection(SolutionConfigurationPlatforms) = preSolution
		Debug|Any CPU = Debug|Any CPU
		Release|Any CPU = Release|Any CPU
	EndGlobalSection
	GlobalSection(ProjectConfigurationPlatforms) = postSolution
		{07104520-3F54-4D0B-A055-74EFF702E62D}.Debug|Any CPU.ActiveCfg = Debug|Any CPU
		{07104520-3F54-4D0B-A055-74EFF702E62D}.Debug|Any CPU.Build.0 = Debug|Any CPU
		{07104520-3F54-4D0B-A055-74EFF702E62D}.Release|Any CPU.ActiveCfg = Release|Any CPU
		{07104520-3F54-4D0B-A055-74EFF702E62D}.Release|Any CPU.Build.0 = Release|Any CPU
	EndGlobalSection
	GlobalSection(SolutionProperties) = preSolution
		HideSolutionNode = FALSE
	EndGlobalSection
	GlobalSection(ExtensibilityGlobals) = postSolution
		SolutionGuid = {C4FA4B00-9C6A-4533-AE6C-3CBE3502CD3B}
	EndGlobalSection
EndGlobal
